
Microsoft Visual Studio Solution File, Format Version 12.00
# Visual Studio Version 16
VisualStudioVersion = 16.0.31205.134
MinimumVisualStudioVersion = 10.0.40219.1
Project("{9A19103F-16F7-4668-BE54-9A1E7A4F7556}") = "OfferConsole", "OfferConsole\OfferConsole.csproj", "{9014ABF5-74AB-4707-A72D-5101F092640D}"
EndProject
Project("{FAE04EC0-301F-11D3-BF4B-00C04F79EFBC}") = "OfferTest", "OfferTest\OfferTest.csproj", "{D5F17E5D-E0E6-48EC-A4CF-409190456C9B}"
EndProject
Global
	GlobalSection(SolutionConfigurationPlatforms) = preSolution
		Debug|Any CPU = Debug|Any CPU
		Release|Any CPU = Release|Any CPU
	EndGlobalSection
	GlobalSection(ProjectConfigurationPlatforms) = postSolution
		{9014ABF5-74AB-4707-A72D-5101F092640D}.Debug|Any CPU.ActiveCfg = Debug|Any CPU
		{9014ABF5-74AB-4707-A72D-5101F092640D}.Debug|Any CPU.Build.0 = Debug|Any CPU
		{9014ABF5-74AB-4707-A72D-5101F092640D}.Release|Any CPU.ActiveCfg = Release|Any CPU
		{9014ABF5-74AB-4707-A72D-5101F092640D}.Release|Any CPU.Build.0 = Release|Any CPU
		{D5F17E5D-E0E6-48EC-A4CF-409190456C9B}.Debug|Any CPU.ActiveCfg = Debug|Any CPU
		{D5F17E5D-E0E6-48EC-A4CF-409190456C9B}.Debug|Any CPU.Build.0 = Debug|Any CPU
		{D5F17E5D-E0E6-48EC-A4CF-409190456C9B}.Release|Any CPU.ActiveCfg = Release|Any CPU
		{D5F17E5D-E0E6-48EC-A4CF-409190456C9B}.Release|Any CPU.Build.0 = Release|Any CPU
	EndGlobalSection
	GlobalSection(SolutionProperties) = preSolution
		HideSolutionNode = FALSE
	EndGlobalSection
	GlobalSection(ExtensibilityGlobals) = postSolution
		SolutionGuid = {4D99FAAA-C148-436B-9F06-A24A4415A265}
	EndGlobalSection
EndGlobal
